<Solution>
  <Folder Name="/Connections/DevTo/">
    <Project Path="Connections/DevTo/Umbraco.Community.Automate.DevTo.Tests/Umbraco.Community.Automate.DevTo.Tests.csproj" />
    <Project Path="Connections/DevTo/Umbraco.Community.Automate.DevTo/Umbraco.Community.Automate.DevTo.csproj" />
  </Folder>
  <Folder Name="/Connections/GoogleSheets/">
    <Project Path="Connections/GoogleSheets/Umbraco.Community.Automate.GoogleSheets.Tests/Umbraco.Community.Automate.GoogleSheets.Tests.csproj" />
    <Project Path="Connections/GoogleSheets/Umbraco.Community.Automate.GoogleSheets/Umbraco.Community.Automate.GoogleSheets.csproj" />
  </Folder>
  <Folder Name="/Connections/Mastodon/">
    <Project Path="Connections/Mastodon/Umbraco.Community.Automate.Mastodon.Tests/Umbraco.Community.Automate.Mastodon.Tests.csproj" />
    <Project Path="Connections/Mastodon/Umbraco.Community.Automate.Mastodon/Umbraco.Community.Automate.Mastodon.csproj" />
  </Folder>
  <Folder Name="/Connections/Skoda/" />
  <Folder Name="/Connections/Skoda/src/">
    <Project Path="Connections/Skoda/src/Umbraco.Community.Automate.Skoda.Assets/Umbraco.Community.Automate.Skoda.Assets.csproj" Id="11d2e177-a44e-4506-b500-71a74f364173" />
    <Project Path="Connections/Skoda/src/Umbraco.Community.Automate.Skoda/Umbraco.Community.Automate.Skoda.csproj" Id="fcdaea52-2888-4bd9-94a0-96b8590dbe4b" />
  </Folder>
  <Folder Name="/Connections/Skoda/tests/">
    <Project Path="Connections/Skoda/tests/Umbraco.Community.Automate.Skoda.Tests/Umbraco.Community.Automate.Skoda.Tests.csproj" />
  </Folder>
  <Project Path="Umbraco.Community.Automate.Demo/Umbraco.Community.Automate.Demo.csproj" />
</Solution>
